
Microsoft Visual Studio Solution File, Format Version 12.00
# Visual Studio Version 17
VisualStudioVersion = 17.8.34330.188
MinimumVisualStudioVersion = 10.0.40219.1
Project("{8BC9CEB8-8B4A-11D0-8D11-00A0C91BC942}") = "Data Structures with Generic Types in C++", "Data Structures with Generic Types in C++\Data Structures with Generic Types in C++.vcxproj", "{99FBC399-E314-4318-A383-081224984609}"
EndProject
Global
	GlobalSection(SolutionConfigurationPlatforms) = preSolution
		Debug|x64 = Debug|x64
		Debug|x86 = Debug|x86
		Release|x64 = Release|x64
		Release|x86 = Release|x86
	EndGlobalSection
	GlobalSection(ProjectConfigurationPlatforms) = postSolution
		{99FBC399-E314-4318-A383-081224984609}.Debug|x64.ActiveCfg = Debug|x64
		{99FBC399-E314-4318-A383-081224984609}.Debug|x64.Build.0 = Debug|x64
		{99FBC399-E314-4318-A383-081224984609}.Debug|x86.ActiveCfg = Debug|Win32
		{99FBC399-E314-4318-A383-081224984609}.Debug|x86.Build.0 = Debug|Win32
		{99FBC399-E314-4318-A383-081224984609}.Release|x64.ActiveCfg = Release|x64
		{99FBC399-E314-4318-A383-081224984609}.Release|x64.Build.0 = Release|x64
		{99FBC399-E314-4318-A383-081224984609}.Release|x86.ActiveCfg = Release|Win32
		{99FBC399-E314-4318-A383-081224984609}.Release|x86.Build.0 = Release|Win32
	EndGlobalSection
	GlobalSection(SolutionProperties) = preSolution
		HideSolutionNode = FALSE
	EndGlobalSection
	GlobalSection(ExtensibilityGlobals) = postSolution
		SolutionGuid = {97977228-6623-42DF-A2A5-0AB55C62159B}
	EndGlobalSection
EndGlobal
